
Microsoft Visual Studio Solution File, Format Version 12.00
# Visual Studio 2013
VisualStudioVersion = 12.0.30723.0
MinimumVisualStudioVersion = 10.0.40219.1
Project("{FAE04EC0-301F-11D3-BF4B-00C04F79EFBC}") = "AquaExplorer", "AquaExplorer\AquaExplorer.csproj", "{E63D7D99-43F7-434B-824A-B8DC11B900D1}"
EndProject
Project("{FAE04EC0-301F-11D3-BF4B-00C04F79EFBC}") = "IKriv.Azure", "IKriv.Azure\IKriv.Azure.csproj", "{704AAB17-9AB6-47A4-BFCF-E93523C959D9}"
EndProject
Project("{FAE04EC0-301F-11D3-BF4B-00C04F79EFBC}") = "UnitTests", "UnitTests\UnitTests.csproj", "{14A43515-2934-4AD7-9B3D-CE18DDF20AEB}"
EndProject
Global
	GlobalSection(SolutionConfigurationPlatforms) = preSolution
		Debug|Any CPU = Debug|Any CPU
		Release|Any CPU = Release|Any CPU
	EndGlobalSection
	GlobalSection(ProjectConfigurationPlatforms) = postSolution
		{E63D7D99-43F7-434B-824A-B8DC11B900D1}.Debug|Any CPU.ActiveCfg = Debug|Any CPU
		{E63D7D99-43F7-434B-824A-B8DC11B900D1}.Debug|Any CPU.Build.0 = Debug|Any CPU
		{E63D7D99-43F7-434B-824A-B8DC11B900D1}.Release|Any CPU.ActiveCfg = Release|Any CPU
		{E63D7D99-43F7-434B-824A-B8DC11B900D1}.Release|Any CPU.Build.0 = Release|Any CPU
		{704AAB17-9AB6-47A4-BFCF-E93523C959D9}.Debug|Any CPU.ActiveCfg = Debug|Any CPU
		{704AAB17-9AB6-47A4-BFCF-E93523C959D9}.Debug|Any CPU.Build.0 = Debug|Any CPU
		{704AAB17-9AB6-47A4-BFCF-E93523C959D9}.Release|Any CPU.ActiveCfg = Release|Any CPU
		{704AAB17-9AB6-47A4-BFCF-E93523C959D9}.Release|Any CPU.Build.0 = Release|Any CPU
		{14A43515-2934-4AD7-9B3D-CE18DDF20AEB}.Debug|Any CPU.ActiveCfg = Debug|Any CPU
		{14A43515-2934-4AD7-9B3D-CE18DDF20AEB}.Debug|Any CPU.Build.0 = Debug|Any CPU
		{14A43515-2934-4AD7-9B3D-CE18DDF20AEB}.Release|Any CPU.ActiveCfg = Release|Any CPU
		{14A43515-2934-4AD7-9B3D-CE18DDF20AEB}.Release|Any CPU.Build.0 = Release|Any CPU
	EndGlobalSection
	GlobalSection(SolutionProperties) = preSolution
		HideSolutionNode = FALSE
	EndGlobalSection
	GlobalSection(ExtensibilityGlobals) = postSolution
		EnterpriseLibraryConfigurationToolBinariesPath = packages\Unity.2.1.505.2\lib\NET35
	EndGlobalSection
EndGlobal
